{
  "pins" : [
    {
      "identity" : "swinject",
      "kind" : "remoteSourceControl",
      "location" : "https://github.com/machupicchu2014/Swinject.git",
      "state" : {
        "branch" : "master",
        "revision" : "189328e5b71618e19745a411ca11654bde96fcb9"
      }
    }
  ],
  "version" : 2
}
